{
  "name": "@yzming-cli-dev/package",
  "version": "1.0.3",
  "lockfileVersion": 2,
  "requires": true,
  "packages": {
    "": {
      "name": "@yzming-cli-dev/package",
      "version": "1.0.3",
      "license": "ISC",
      "dependencies": {
        "@yzming-cli-dev/utils": "file:../../utils/utils"
      }
    },
    "../../../../../../usr/local/lib/node_modules/@yzming-cli-dev/utils": {
      "version": "1.0.3",
      "extraneous": true,
      "license": "ISC"
    },
    "../../utils/utils": {
      "name": "@yzming-cli-dev/utils",
      "version": "1.0.3",
      "license": "ISC"
    },
    "node_modules/@yzming-cli-dev/utils": {
      "resolved": "../../utils/utils",
      "link": true
    }
  },
  "dependencies": {
    "@yzming-cli-dev/utils": {
      "version": "file:../../utils/utils"
    }
  }
}
